
Microsoft Visual Studio Solution File, Format Version 12.00
# Visual Studio Version 17
VisualStudioVersion = 17.2.32630.192
MinimumVisualStudioVersion = 10.0.40219.1
Project("{FAE04EC0-301F-11D3-BF4B-00C04F79EFBC}") = "ProjetoFinalAPI", "ProjetoFinalAPI\ProjetoFinalAPI.csproj", "{1830630B-DE36-498E-A47D-CC37C1F5DA26}"
EndProject
Global
	GlobalSection(SolutionConfigurationPlatforms) = preSolution
		Debug|Any CPU = Debug|Any CPU
		Release|Any CPU = Release|Any CPU
	EndGlobalSection
	GlobalSection(ProjectConfigurationPlatforms) = postSolution
		{1830630B-DE36-498E-A47D-CC37C1F5DA26}.Debug|Any CPU.ActiveCfg = Debug|Any CPU
		{1830630B-DE36-498E-A47D-CC37C1F5DA26}.Debug|Any CPU.Build.0 = Debug|Any CPU
		{1830630B-DE36-498E-A47D-CC37C1F5DA26}.Release|Any CPU.ActiveCfg = Release|Any CPU
		{1830630B-DE36-498E-A47D-CC37C1F5DA26}.Release|Any CPU.Build.0 = Release|Any CPU
	EndGlobalSection
	GlobalSection(SolutionProperties) = preSolution
		HideSolutionNode = FALSE
	EndGlobalSection
	GlobalSection(ExtensibilityGlobals) = postSolution
		SolutionGuid = {1160E15A-FD7B-4B82-B0B5-AB212A111E68}
	EndGlobalSection
EndGlobal
